
Microsoft Visual Studio Solution File, Format Version 12.00
# Visual Studio Version 16
VisualStudioVersion = 16.0.30907.101
MinimumVisualStudioVersion = 10.0.40219.1
Project("{FAE04EC0-301F-11D3-BF4B-00C04F79EFBC}") = "Jogo do Galo Miguel Rodrigues", "Jogo do Galo Miguel Rodrigues.csproj", "{F2898718-E3F0-4942-8F20-68DC9744CEA1}"
EndProject
Global
	GlobalSection(SolutionConfigurationPlatforms) = preSolution
		Debug|Any CPU = Debug|Any CPU
		Release|Any CPU = Release|Any CPU
	EndGlobalSection
	GlobalSection(ProjectConfigurationPlatforms) = postSolution
		{F2898718-E3F0-4942-8F20-68DC9744CEA1}.Debug|Any CPU.ActiveCfg = Debug|Any CPU
		{F2898718-E3F0-4942-8F20-68DC9744CEA1}.Debug|Any CPU.Build.0 = Debug|Any CPU
		{F2898718-E3F0-4942-8F20-68DC9744CEA1}.Release|Any CPU.ActiveCfg = Release|Any CPU
		{F2898718-E3F0-4942-8F20-68DC9744CEA1}.Release|Any CPU.Build.0 = Release|Any CPU
	EndGlobalSection
	GlobalSection(SolutionProperties) = preSolution
		HideSolutionNode = FALSE
	EndGlobalSection
	GlobalSection(ExtensibilityGlobals) = postSolution
		SolutionGuid = {1EEC50D4-8188-441D-BD9D-F740D3DBEDEA}
	EndGlobalSection
EndGlobal
